
Microsoft Visual Studio Solution File, Format Version 12.00
# Visual Studio Version 17
VisualStudioVersion = 17.0.31903.59
MinimumVisualStudioVersion = 10.0.40219.1
Project("{2150E333-8FDC-42A3-9474-1A3956D46DE8}") = "src", "src", "{44B6D1AD-785A-42DB-BDB4-D9B88956EE1D}"
EndProject
Project("{FAE04EC0-301F-11D3-BF4B-00C04F79EFBC}") = "Momo.Core", "src\Momo.Core\Momo.Core.csproj", "{D921922E-6A98-4AEF-8D90-103A586F7669}"
EndProject
Project("{FAE04EC0-301F-11D3-BF4B-00C04F79EFBC}") = "Momo.Infrastructure", "src\Momo.Infrastructure\Momo.Infrastructure.csproj", "{7136FB46-8D36-42BD-9142-F6F90F4C2C5B}"
EndProject
Project("{FAE04EC0-301F-11D3-BF4B-00C04F79EFBC}") = "Momo.App", "src\Momo.App\Momo.App.csproj", "{A1DFEE62-0FFE-4589-B6FE-EAEA157BFA08}"
EndProject
Project("{2150E333-8FDC-42A3-9474-1A3956D46DE8}") = "tests", "tests", "{262054E1-C089-4DC8-8981-8B7EC8DE5E6D}"
EndProject
Project("{FAE04EC0-301F-11D3-BF4B-00C04F79EFBC}") = "Momo.Tests", "tests\Momo.Tests\Momo.Tests.csproj", "{3F11C109-902E-473B-AA8D-97C766272962}"
EndProject
Global
	GlobalSection(SolutionConfigurationPlatforms) = preSolution
		Debug|Any CPU = Debug|Any CPU
		Release|Any CPU = Release|Any CPU
	EndGlobalSection
	GlobalSection(SolutionProperties) = preSolution
		HideSolutionNode = FALSE
	EndGlobalSection
	GlobalSection(ProjectConfigurationPlatforms) = postSolution
		{D921922E-6A98-4AEF-8D90-103A586F7669}.Debug|Any CPU.ActiveCfg = Debug|Any CPU
		{D921922E-6A98-4AEF-8D90-103A586F7669}.Debug|Any CPU.Build.0 = Debug|Any CPU
		{D921922E-6A98-4AEF-8D90-103A586F7669}.Release|Any CPU.ActiveCfg = Release|Any CPU
		{D921922E-6A98-4AEF-8D90-103A586F7669}.Release|Any CPU.Build.0 = Release|Any CPU
		{7136FB46-8D36-42BD-9142-F6F90F4C2C5B}.Debug|Any CPU.ActiveCfg = Debug|Any CPU
		{7136FB46-8D36-42BD-9142-F6F90F4C2C5B}.Debug|Any CPU.Build.0 = Debug|Any CPU
		{7136FB46-8D36-42BD-9142-F6F90F4C2C5B}.Release|Any CPU.ActiveCfg = Release|Any CPU
		{7136FB46-8D36-42BD-9142-F6F90F4C2C5B}.Release|Any CPU.Build.0 = Release|Any CPU
		{A1DFEE62-0FFE-4589-B6FE-EAEA157BFA08}.Debug|Any CPU.ActiveCfg = Debug|Any CPU
		{A1DFEE62-0FFE-4589-B6FE-EAEA157BFA08}.Debug|Any CPU.Build.0 = Debug|Any CPU
		{A1DFEE62-0FFE-4589-B6FE-EAEA157BFA08}.Release|Any CPU.ActiveCfg = Release|Any CPU
		{A1DFEE62-0FFE-4589-B6FE-EAEA157BFA08}.Release|Any CPU.Build.0 = Release|Any CPU
		{3F11C109-902E-473B-AA8D-97C766272962}.Debug|Any CPU.ActiveCfg = Debug|Any CPU
		{3F11C109-902E-473B-AA8D-97C766272962}.Debug|Any CPU.Build.0 = Debug|Any CPU
		{3F11C109-902E-473B-AA8D-97C766272962}.Release|Any CPU.ActiveCfg = Release|Any CPU
		{3F11C109-902E-473B-AA8D-97C766272962}.Release|Any CPU.Build.0 = Release|Any CPU
	EndGlobalSection
	GlobalSection(NestedProjects) = preSolution
		{D921922E-6A98-4AEF-8D90-103A586F7669} = {44B6D1AD-785A-42DB-BDB4-D9B88956EE1D}
		{7136FB46-8D36-42BD-9142-F6F90F4C2C5B} = {44B6D1AD-785A-42DB-BDB4-D9B88956EE1D}
		{A1DFEE62-0FFE-4589-B6FE-EAEA157BFA08} = {44B6D1AD-785A-42DB-BDB4-D9B88956EE1D}
		{3F11C109-902E-473B-AA8D-97C766272962} = {262054E1-C089-4DC8-8981-8B7EC8DE5E6D}
	EndGlobalSection
EndGlobal
